// !$*UTF8*$!
{
	archiveVersion = 1;
	classes = {
	};
	objectVersion = 50;
	objects = {

/* Begin PBXBuildFile section */
		76237C81227E0D3100F2F877 /* AppDelegate.swift in Sources */ = {isa = PBXBuildFile; fileRef = 76237C80227E0D3100F2F877 /* AppDelegate.swift */; };
		76237C83227E0D3100F2F877 /* ViewController.swift in Sources */ = {isa = PBXBuildFile; fileRef = 76237C82227E0D3100F2F877 /* ViewController.swift */; };
		76237C86227E0D3100F2F877 /* Main.storyboard in Resources */ = {isa = PBXBuildFile; fileRef = 76237C84227E0D3100F2F877 /* Main.storyboard */; };
		76237C88227E0D3200F2F877 /* Assets.xcassets in Resources */ = {isa = PBXBuildFile; fileRef = 76237C87227E0D3200F2F877 /* Assets.xcassets */; };
		76237C8B227E0D3200F2F877 /* LaunchScreen.storyboard in Resources */ = {isa = PBXBuildFile; fileRef = 76237C89227E0D3200F2F877 /* LaunchScreen.storyboard */; };
		76237C94228010F700F2F877 /* NetworkManager.swift in Sources */ = {isa = PBXBuildFile; fileRef = 76237C93228010F700F2F877 /* NetworkManager.swift */; };
		76237C962280110C00F2F877 /* NetworkInterceptor.swift in Sources */ = {isa = PBXBuildFile; fileRef = 76237C952280110C00F2F877 /* NetworkInterceptor.swift */; };
		76237C98228013E700F2F877 /* APIRouter.swift in Sources */ = {isa = PBXBuildFile; fileRef = 76237C97228013E700F2F877 /* APIRouter.swift */; };
		7684639B2286B61E00870ECE /* AuthManager.swift in Sources */ = {isa = PBXBuildFile; fileRef = 7684639A2286B61E00870ECE /* AuthManager.swift */; };
		7AD66D19FDBE002D4EE20CFE /* Pods_AlamofireInterceptor.framework in Frameworks */ = {isa = PBXBuildFile; fileRef = 021941B36874B2AB2E50906A /* Pods_AlamofireInterceptor.framework */; };
/* End PBXBuildFile section */

/* Begin PBXFileReference section */
		021941B36874B2AB2E50906A /* Pods_AlamofireInterceptor.framework */ = {isa = PBXFileReference; explicitFileType = wrapper.framework; includeInIndex = 0; path = Pods_AlamofireInterceptor.framework; sourceTree = BUILT_PRODUCTS_DIR; };
		76237C7D227E0D3100F2F877 /* AlamofireInterceptor.app */ = {isa = PBXFileReference; explicitFileType = wrapper.application; includeInIndex = 0; path = AlamofireInterceptor.app; sourceTree = BUILT_PRODUCTS_DIR; };
		76237C80227E0D3100F2F877 /* AppDelegate.swift */ = {isa = PBXFileReference; lastKnownFileType = sourcecode.swift; path = AppDelegate.swift; sourceTree = "<group>"; };
		76237C82227E0D3100F2F877 /* ViewController.swift */ = {isa = PBXFileReference; lastKnownFileType = sourcecode.swift; path = ViewController.swift; sourceTree = "<group>"; };
		76237C85227E0D3100F2F877 /* Base */ = {isa = PBXFileReference; lastKnownFileType = file.storyboard; name = Base; path = Base.lproj/Main.storyboard; sourceTree = "<group>"; };
		76237C87227E0D3200F2F877 /* Assets.xcassets */ = {isa = PBXFileReference; lastKnownFileType = folder.assetcatalog; path = Assets.xcassets; sourceTree = "<group>"; };
		76237C8A227E0D3200F2F877 /* Base */ = {isa = PBXFileReference; lastKnownFileType = file.storyboard; name = Base; path = Base.lproj/LaunchScreen.storyboard; sourceTree = "<group>"; };
		76237C8C227E0D3200F2F877 /* Info.plist */ = {isa = PBXFileReference; lastKnownFileType = text.plist.xml; path = Info.plist; sourceTree = "<group>"; };
		76237C93228010F700F2F877 /* NetworkManager.swift */ = {isa = PBXFileReference; lastKnownFileType = sourcecode.swift; path = NetworkManager.swift; sourceTree = "<group>"; };
		76237C952280110C00F2F877 /* NetworkInterceptor.swift */ = {isa = PBXFileReference; lastKnownFileType = sourcecode.swift; path = NetworkInterceptor.swift; sourceTree = "<group>"; };
		76237C97228013E700F2F877 /* APIRouter.swift */ = {isa = PBXFileReference; lastKnownFileType = sourcecode.swift; path = APIRouter.swift; sourceTree = "<group>"; };
		7684639A2286B61E00870ECE /* AuthManager.swift */ = {isa = PBXFileReference; lastKnownFileType = sourcecode.swift; path = AuthManager.swift; sourceTree = "<group>"; };
		963AC0225D7F038CA68F2365 /* Pods-AlamofireInterceptor.debug.xcconfig */ = {isa = PBXFileReference; includeInIndex = 1; lastKnownFileType = text.xcconfig; name = "Pods-AlamofireInterceptor.debug.xcconfig"; path = "Pods/Target Support Files/Pods-AlamofireInterceptor/Pods-AlamofireInterceptor.debug.xcconfig"; sourceTree = "<group>"; };
		9B858627097FC2E6C6FD0EA1 /* Pods-AlamofireInterceptor.release.xcconfig */ = {isa = PBXFileReference; includeInIndex = 1; lastKnownFileType = text.xcconfig; name = "Pods-AlamofireInterceptor.release.xcconfig"; path = "Pods/Target Support Files/Pods-AlamofireInterceptor/Pods-AlamofireInterceptor.release.xcconfig"; sourceTree = "<group>"; };
/* End PBXFileReference section */

/* Begin PBXFrameworksBuildPhase section */
		76237C7A227E0D3100F2F877 /* Frameworks */ = {
			isa = PBXFrameworksBuildPhase;
			buildActionMask = 2147483647;
			files = (
				7AD66D19FDBE002D4EE20CFE /* Pods_AlamofireInterceptor.framework in Frameworks */,
			);
			runOnlyForDeploymentPostprocessing = 0;
		};
/* End PBXFrameworksBuildPhase section */

/* Begin PBXGroup section */
		76237C74227E0D3100F2F877 = {
			isa = PBXGroup;
			children = (
				76237C7F227E0D3100F2F877 /* AlamofireInterceptor */,
				76237C7E227E0D3100F2F877 /* Products */,
				DCC7BB7ABD3A0997213ACF6C /* Pods */,
				BEE98E9F48F52482B7F4626F /* Frameworks */,
			);
			sourceTree = "<group>";
		};
		76237C7E227E0D3100F2F877 /* Products */ = {
			isa = PBXGroup;
			children = (
				76237C7D227E0D3100F2F877 /* AlamofireInterceptor.app */,
			);
			name = Products;
			sourceTree = "<group>";
		};
		76237C7F227E0D3100F2F877 /* AlamofireInterceptor */ = {
			isa = PBXGroup;
			children = (
				76237C92228010E300F2F877 /* Webservice */,
				76237C80227E0D3100F2F877 /* AppDelegate.swift */,
				76237C82227E0D3100F2F877 /* ViewController.swift */,
				76237C84227E0D3100F2F877 /* Main.storyboard */,
				76237C87227E0D3200F2F877 /* Assets.xcassets */,
				76237C89227E0D3200F2F877 /* LaunchScreen.storyboard */,
				76237C8C227E0D3200F2F877 /* Info.plist */,
			);
			path = AlamofireInterceptor;
			sourceTree = "<group>";
		};
		76237C92228010E300F2F877 /* Webservice */ = {
			isa = PBXGroup;
			children = (
				76237C93228010F700F2F877 /* NetworkManager.swift */,
				76237C952280110C00F2F877 /* NetworkInterceptor.swift */,
				76237C97228013E700F2F877 /* APIRouter.swift */,
				7684639A2286B61E00870ECE /* AuthManager.swift */,
			);
			path = Webservice;
			sourceTree = "<group>";
		};
		BEE98E9F48F52482B7F4626F /* Frameworks */ = {
			isa = PBXGroup;
			children = (
				021941B36874B2AB2E50906A /* Pods_AlamofireInterceptor.framework */,
			);
			name = Frameworks;
			sourceTree = "<group>";
		};
		DCC7BB7ABD3A0997213ACF6C /* Pods */ = {
			isa = PBXGroup;
			children = (
				963AC0225D7F038CA68F2365 /* Pods-AlamofireInterceptor.debug.xcconfig */,
				9B858627097FC2E6C6FD0EA1 /* Pods-AlamofireInterceptor.release.xcconfig */,
			);
			name = Pods;
			sourceTree = "<group>";
		};
/* End PBXGroup section */

/* Begin PBXNativeTarget section */
		76237C7C227E0D3100F2F877 /* AlamofireInterceptor */ = {
			isa = PBXNativeTarget;
			buildConfigurationList = 76237C8F227E0D3200F2F877 /* Build configuration list for PBXNativeTarget "AlamofireInterceptor" */;
			buildPhases = (
				D436A69AD385C5EB5459A74D /* [CP] Check Pods Manifest.lock */,
				76237C79227E0D3100F2F877 /* Sources */,
				76237C7A227E0D3100F2F877 /* Frameworks */,
				76237C7B227E0D3100F2F877 /* Resources */,
				055F536BC60FCDDCFD7D012A /* [CP] Embed Pods Frameworks */,
			);
			buildRules = (
			);
			dependencies = (
			);
			name = AlamofireInterceptor;
			productName = AlamofireInterceptor;
			productReference = 76237C7D227E0D3100F2F877 /* AlamofireInterceptor.app */;
			productType = "com.apple.product-type.application";
		};
/* End PBXNativeTarget section */

/* Begin PBXProject section */
		76237C75227E0D3100F2F877 /* Project object */ = {
			isa = PBXProject;
			attributes = {
				LastSwiftUpdateCheck = 1020;
				LastUpgradeCheck = 1020;
				ORGANIZATIONNAME = anoop;
				TargetAttributes = {
					76237C7C227E0D3100F2F877 = {
						CreatedOnToolsVersion = 10.2;
					};
				};
			};
			buildConfigurationList = 76237C78227E0D3100F2F877 /* Build configuration list for PBXProject "AlamofireInterceptor" */;
			compatibilityVersion = "Xcode 9.3";
			developmentRegion = en;
			hasScannedForEncodings = 0;
			knownRegions = (
				en,
				Base,
			);
			mainGroup = 76237C74227E0D3100F2F877;
			productRefGroup = 76237C7E227E0D3100F2F877 /* Products */;
			projectDirPath = "";
			projectRoot = "";
			targets = (
				76237C7C227E0D3100F2F877 /* AlamofireInterceptor */,
			);
		};
/* End PBXProject section */

/* Begin PBXResourcesBuildPhase section */
		76237C7B227E0D3100F2F877 /* Resources */ = {
			isa = PBXResourcesBuildPhase;
			buildActionMask = 2147483647;
			files = (
				76237C8B227E0D3200F2F877 /* LaunchScreen.storyboard in Resources */,
				76237C88227E0D3200F2F877 /* Assets.xcassets in Resources */,
				76237C86227E0D3100F2F877 /* Main.storyboard in Resources */,
			);
			runOnlyForDeploymentPostprocessing = 0;
		};
/* End PBXResourcesBuildPhase section */

/* Begin PBXShellScriptBuildPhase section */
		055F536BC60FCDDCFD7D012A /* [CP] Embed Pods Frameworks */ = {
			isa = PBXShellScriptBuildPhase;
			buildActionMask = 2147483647;
			files = (
			);
			inputFileListPaths = (
			);
			inputPaths = (
				"${PODS_ROOT}/Target Support Files/Pods-AlamofireInterceptor/Pods-AlamofireInterceptor-frameworks.sh",
				"${BUILT_PRODUCTS_DIR}/Alamofire/Alamofire.framework",
			);
			name = "[CP] Embed Pods Frameworks";
			outputFileListPaths = (
			);
			outputPaths = (
				"${TARGET_BUILD_DIR}/${FRAMEWORKS_FOLDER_PATH}/Alamofire.framework",
			);
			runOnlyForDeploymentPostprocessing = 0;
			shellPath = /bin/sh;
			shellScript = "\"${PODS_ROOT}/Target Support Files/Pods-AlamofireInterceptor/Pods-AlamofireInterceptor-frameworks.sh\"\n";
			showEnvVarsInLog = 0;
		};
		D436A69AD385C5EB5459A74D /* [CP] Check Pods Manifest.lock */ = {
			isa = PBXShellScriptBuildPhase;
			buildActionMask = 2147483647;
			files = (
			);
			inputFileListPaths = (
			);
			inputPaths = (
				"${PODS_PODFILE_DIR_PATH}/Podfile.lock",
				"${PODS_ROOT}/Manifest.lock",
			);
			name = "[CP] Check Pods Manifest.lock";
			outputFileListPaths = (
			);
			outputPaths = (
				"$(DERIVED_FILE_DIR)/Pods-AlamofireInterceptor-checkManifestLockResult.txt",
			);
			runOnlyForDeploymentPostprocessing = 0;
			shellPath = /bin/sh;
			shellScript = "diff \"${PODS_PODFILE_DIR_PATH}/Podfile.lock\" \"${PODS_ROOT}/Manifest.lock\" > /dev/null\nif [ $? != 0 ] ; then\n    # print error to STDERR\n    echo \"error: The sandbox is not in sync with the Podfile.lock. Run 'pod install' or update your CocoaPods installation.\" >&2\n    exit 1\nfi\n# This output is used by Xcode 'outputs' to avoid re-running this script phase.\necho \"SUCCESS\" > \"${SCRIPT_OUTPUT_FILE_0}\"\n";
			showEnvVarsInLog = 0;
		};
/* End PBXShellScriptBuildPhase section */

/* Begin PBXSourcesBuildPhase section */
		76237C79227E0D3100F2F877 /* Sources */ = {
			isa = PBXSourcesBuildPhase;
			buildActionMask = 2147483647;
			files = (
				76237C962280110C00F2F877 /* NetworkInterceptor.swift in Sources */,
				7684639B2286B61E00870ECE /* AuthManager.swift in Sources */,
				76237C98228013E700F2F877 /* APIRouter.swift in Sources */,
				76237C94228010F700F2F877 /* NetworkManager.swift in Sources */,
				76237C83227E0D3100F2F877 /* ViewController.swift in Sources */,
				76237C81227E0D3100F2F877 /* AppDelegate.swift in Sources */,
			);
			runOnlyForDeploymentPostprocessing = 0;
		};
/* End PBXSourcesBuildPhase section */

/* Begin PBXVariantGroup section */
		76237C84227E0D3100F2F877 /* Main.storyboard */ = {
			isa = PBXVariantGroup;
			children = (
				76237C85227E0D3100F2F877 /* Base */,
			);
			name = Main.storyboard;
			sourceTree = "<group>";
		};
		76237C89227E0D3200F2F877 /* LaunchScreen.storyboard */ = {
			isa = PBXVariantGroup;
			children = (
				76237C8A227E0D3200F2F877 /* Base */,
			);
			name = LaunchScreen.storyboard;
			sourceTree = "<group>";
		};
/* End PBXVariantGroup section */

/* Begin XCBuildConfiguration section */
		76237C8D227E0D3200F2F877 /* Debug */ = {
			isa = XCBuildConfiguration;
			buildSettings = {
				ALWAYS_SEARCH_USER_PATHS = NO;
				CLANG_ANALYZER_NONNULL = YES;
				CLANG_ANALYZER_NUMBER_OBJECT_CONVERSION = YES_AGGRESSIVE;
				CLANG_CXX_LANGUAGE_STANDARD = "gnu++14";
				CLANG_CXX_LIBRARY = "libc++";
				CLANG_ENABLE_MODULES = YES;
				CLANG_ENABLE_OBJC_ARC = YES;
				CLANG_ENABLE_OBJC_WEAK = YES;
				CLANG_WARN_BLOCK_CAPTURE_AUTORELEASING = YES;
				CLANG_WARN_BOOL_CONVERSION = YES;
				CLANG_WARN_COMMA = YES;
				CLANG_WARN_CONSTANT_CONVERSION = YES;
				CLANG_WARN_DEPRECATED_OBJC_IMPLEMENTATIONS = YES;
				CLANG_WARN_DIRECT_OBJC_ISA_USAGE = YES_ERROR;
				CLANG_WARN_DOCUMENTATION_COMMENTS = YES;
				CLANG_WARN_EMPTY_BODY = YES;
				CLANG_WARN_ENUM_CONVERSION = YES;
				CLANG_WARN_INFINITE_RECURSION = YES;
				CLANG_WARN_INT_CONVERSION = YES;
				CLANG_WARN_NON_LITERAL_NULL_CONVERSION = YES;
				CLANG_WARN_OBJC_IMPLICIT_RETAIN_SELF = YES;
				CLANG_WARN_OBJC_LITERAL_CONVERSION = YES;
				CLANG_WARN_OBJC_ROOT_CLASS = YES_ERROR;
				CLANG_WARN_RANGE_LOOP_ANALYSIS = YES;
				CLANG_WARN_STRICT_PROTOTYPES = YES;
				CLANG_WARN_SUSPICIOUS_MOVE = YES;
				CLANG_WARN_UNGUARDED_AVAILABILITY = YES_AGGRESSIVE;
				CLANG_WARN_UNREACHABLE_CODE = YES;
				CLANG_WARN__DUPLICATE_METHOD_MATCH = YES;
				CODE_SIGN_IDENTITY = "iPhone Developer";
				COPY_PHASE_STRIP = NO;
				DEBUG_INFORMATION_FORMAT = dwarf;
				ENABLE_STRICT_OBJC_MSGSEND = YES;
				ENABLE_TESTABILITY = YES;
				GCC_C_LANGUAGE_STANDARD = gnu11;
				GCC_DYNAMIC_NO_PIC = NO;
				GCC_NO_COMMON_BLOCKS = YES;
				GCC_OPTIMIZATION_LEVEL = 0;
				GCC_PREPROCESSOR_DEFINITIONS = (
					"DEBUG=1",
					"$(inherited)",
				);
				GCC_WARN_64_TO_32_BIT_CONVERSION = YES;
				GCC_WARN_ABOUT_RETURN_TYPE = YES_ERROR;
				GCC_WARN_UNDECLARED_SELECTOR = YES;
				GCC_WARN_UNINITIALIZED_AUTOS = YES_AGGRESSIVE;
				GCC_WARN_UNUSED_FUNCTION = YES;
				GCC_WARN_UNUSED_VARIABLE = YES;
				IPHONEOS_DEPLOYMENT_TARGET = 12.2;
				MTL_ENABLE_DEBUG_INFO = INCLUDE_SOURCE;
				MTL_FAST_MATH = YES;
				ONLY_ACTIVE_ARCH = YES;
				SDKROOT = iphoneos;
				SWIFT_ACTIVE_COMPILATION_CONDITIONS = DEBUG;
				SWIFT_OPTIMIZATION_LEVEL = "-Onone";
			};
			name = Debug;
		};
		76237C8E227E0D3200F2F877 /* Release */ = {
			isa = XCBuildConfiguration;
			buildSettings = {
				ALWAYS_SEARCH_USER_PATHS = NO;
				CLANG_ANALYZER_NONNULL = YES;
				CLANG_ANALYZER_NUMBER_OBJECT_CONVERSION = YES_AGGRESSIVE;
				CLANG_CXX_LANGUAGE_STANDARD = "gnu++14";
				CLANG_CXX_LIBRARY = "libc++";
				CLANG_ENABLE_MODULES = YES;
				CLANG_ENABLE_OBJC_ARC = YES;
				CLANG_ENABLE_OBJC_WEAK = YES;
				CLANG_WARN_BLOCK_CAPTURE_AUTORELEASING = YES;
				CLANG_WARN_BOOL_CONVERSION = YES;
				CLANG_WARN_COMMA = YES;
				CLANG_WARN_CONSTANT_CONVERSION = YES;
				CLANG_WARN_DEPRECATED_OBJC_IMPLEMENTATIONS = YES;
				CLANG_WARN_DIRECT_OBJC_ISA_USAGE = YES_ERROR;
				CLANG_WARN_DOCUMENTATION_COMMENTS = YES;
				CLANG_WARN_EMPTY_BODY = YES;
				CLANG_WARN_ENUM_CONVERSION = YES;
				CLANG_WARN_INFINITE_RECURSION = YES;
				CLANG_WARN_INT_CONVERSION = YES;
				CLANG_WARN_NON_LITERAL_NULL_CONVERSION = YES;
				CLANG_WARN_OBJC_IMPLICIT_RETAIN_SELF = YES;
				CLANG_WARN_OBJC_LITERAL_CONVERSION = YES;
				CLANG_WARN_OBJC_ROOT_CLASS = YES_ERROR;
				CLANG_WARN_RANGE_LOOP_ANALYSIS = YES;
				CLANG_WARN_STRICT_PROTOTYPES = YES;
				CLANG_WARN_SUSPICIOUS_MOVE = YES;
				CLANG_WARN_UNGUARDED_AVAILABILITY = YES_AGGRESSIVE;
				CLANG_WARN_UNREACHABLE_CODE = YES;
				CLANG_WARN__DUPLICATE_METHOD_MATCH = YES;
				CODE_SIGN_IDENTITY = "iPhone Developer";
				COPY_PHASE_STRIP = NO;
				DEBUG_INFORMATION_FORMAT = "dwarf-with-dsym";
				ENABLE_NS_ASSERTIONS = NO;
				ENABLE_STRICT_OBJC_MSGSEND = YES;
				GCC_C_LANGUAGE_STANDARD = gnu11;
				GCC_NO_COMMON_BLOCKS = YES;
				GCC_WARN_64_TO_32_BIT_CONVERSION = YES;
				GCC_WARN_ABOUT_RETURN_TYPE = YES_ERROR;
				GCC_WARN_UNDECLARED_SELECTOR = YES;
				GCC_WARN_UNINITIALIZED_AUTOS = YES_AGGRESSIVE;
				GCC_WARN_UNUSED_FUNCTION = YES;
				GCC_WARN_UNUSED_VARIABLE = YES;
				IPHONEOS_DEPLOYMENT_TARGET = 12.2;
				MTL_ENABLE_DEBUG_INFO = NO;
				MTL_FAST_MATH = YES;
				SDKROOT = iphoneos;
				SWIFT_COMPILATION_MODE = wholemodule;
				SWIFT_OPTIMIZATION_LEVEL = "-O";
				VALIDATE_PRODUCT = YES;
			};
			name = Release;
		};
		76237C90227E0D3200F2F877 /* Debug */ = {
			isa = XCBuildConfiguration;
			baseConfigurationReference = 963AC0225D7F038CA68F2365 /* Pods-AlamofireInterceptor.debug.xcconfig */;
			buildSettings = {
				ASSETCATALOG_COMPILER_APPICON_NAME = AppIcon;
				CODE_SIGN_STYLE = Automatic;
				DEVELOPMENT_TEAM = DW4CPA2D83;
				INFOPLIST_FILE = AlamofireInterceptor/Info.plist;
				LD_RUNPATH_SEARCH_PATHS = (
					"$(inherited)",
					"@executable_path/Frameworks",
				);
				PRODUCT_BUNDLE_IDENTIFIER = com.anoop.AlamofireInterceptor;
				PRODUCT_NAME = "$(TARGET_NAME)";
				SWIFT_VERSION = 5.0;
				TARGETED_DEVICE_FAMILY = "1,2";
			};
			name = Debug;
		};
		76237C91227E0D3200F2F877 /* Release */ = {
			isa = XCBuildConfiguration;
			baseConfigurationReference = 9B858627097FC2E6C6FD0EA1 /* Pods-AlamofireInterceptor.release.xcconfig */;
			buildSettings = {
				ASSETCATALOG_COMPILER_APPICON_NAME = AppIcon;
				CODE_SIGN_STYLE = Automatic;
				DEVELOPMENT_TEAM = DW4CPA2D83;
				INFOPLIST_FILE = AlamofireInterceptor/Info.plist;
				LD_RUNPATH_SEARCH_PATHS = (
					"$(inherited)",
					"@executable_path/Frameworks",
				);
				PRODUCT_BUNDLE_IDENTIFIER = com.anoop.AlamofireInterceptor;
				PRODUCT_NAME = "$(TARGET_NAME)";
				SWIFT_VERSION = 5.0;
				TARGETED_DEVICE_FAMILY = "1,2";
			};
			name = Release;
		};
/* End XCBuildConfiguration section */

/* Begin XCConfigurationList section */
		76237C78227E0D3100F2F877 /* Build configuration list for PBXProject "AlamofireInterceptor" */ = {
			isa = XCConfigurationList;
			buildConfigurations = (
				76237C8D227E0D3200F2F877 /* Debug */,
				76237C8E227E0D3200F2F877 /* Release */,
			);
			defaultConfigurationIsVisible = 0;
			defaultConfigurationName = Release;
		};
		76237C8F227E0D3200F2F877 /* Build configuration list for PBXNativeTarget "AlamofireInterceptor" */ = {
			isa = XCConfigurationList;
			buildConfigurations = (
				76237C90227E0D3200F2F877 /* Debug */,
				76237C91227E0D3200F2F877 /* Release */,
			);
			defaultConfigurationIsVisible = 0;
			defaultConfigurationName = Release;
		};
/* End XCConfigurationList section */
	};
	rootObject = 76237C75227E0D3100F2F877 /* Project object */;
}
